
Microsoft Visual Studio Solution File, Format Version 12.00
# Visual Studio Version 16
VisualStudioVersion = 16.0.31911.196
MinimumVisualStudioVersion = 10.0.40219.1
Project("{9A19103F-16F7-4668-BE54-9A1E7A4F7556}") = "demo", "demo\demo.csproj", "{9733ADBA-1D2F-4422-A2B6-BD24933DC6CD}"
EndProject
Project("{9A19103F-16F7-4668-BE54-9A1E7A4F7556}") = "1.CountRealNumbers", "1.CountRealNumbers\1.CountRealNumbers.csproj", "{2DB5EFEA-719D-49E2-BA2D-258037C0751C}"
EndProject
Project("{9A19103F-16F7-4668-BE54-9A1E7A4F7556}") = "3.WordSynonyms", "2.OddOccurrences\3.WordSynonyms.csproj", "{869CC348-4E2C-41A2-B417-9DDC4A4BA7ED}"
EndProject
Project("{9A19103F-16F7-4668-BE54-9A1E7A4F7556}") = "4.WordFilter", "WordFilter\4.WordFilter.csproj", "{1B84E878-63B7-4B4E-8F11-BF8483B1AAAB}"
EndProject
Project("{9A19103F-16F7-4668-BE54-9A1E7A4F7556}") = "2.OddOccurrences", "OddOccurrences\2.OddOccurrences.csproj", "{A83E21B1-A229-448C-9827-F8B42CFF232E}"
EndProject
Global
	GlobalSection(SolutionConfigurationPlatforms) = preSolution
		Debug|Any CPU = Debug|Any CPU
		Release|Any CPU = Release|Any CPU
	EndGlobalSection
	GlobalSection(ProjectConfigurationPlatforms) = postSolution
		{9733ADBA-1D2F-4422-A2B6-BD24933DC6CD}.Debug|Any CPU.ActiveCfg = Debug|Any CPU
		{9733ADBA-1D2F-4422-A2B6-BD24933DC6CD}.Debug|Any CPU.Build.0 = Debug|Any CPU
		{9733ADBA-1D2F-4422-A2B6-BD24933DC6CD}.Release|Any CPU.ActiveCfg = Release|Any CPU
		{9733ADBA-1D2F-4422-A2B6-BD24933DC6CD}.Release|Any CPU.Build.0 = Release|Any CPU
		{2DB5EFEA-719D-49E2-BA2D-258037C0751C}.Debug|Any CPU.ActiveCfg = Debug|Any CPU
		{2DB5EFEA-719D-49E2-BA2D-258037C0751C}.Debug|Any CPU.Build.0 = Debug|Any CPU
		{2DB5EFEA-719D-49E2-BA2D-258037C0751C}.Release|Any CPU.ActiveCfg = Release|Any CPU
		{2DB5EFEA-719D-49E2-BA2D-258037C0751C}.Release|Any CPU.Build.0 = Release|Any CPU
		{869CC348-4E2C-41A2-B417-9DDC4A4BA7ED}.Debug|Any CPU.ActiveCfg = Debug|Any CPU
		{869CC348-4E2C-41A2-B417-9DDC4A4BA7ED}.Debug|Any CPU.Build.0 = Debug|Any CPU
		{869CC348-4E2C-41A2-B417-9DDC4A4BA7ED}.Release|Any CPU.ActiveCfg = Release|Any CPU
		{869CC348-4E2C-41A2-B417-9DDC4A4BA7ED}.Release|Any CPU.Build.0 = Release|Any CPU
		{1B84E878-63B7-4B4E-8F11-BF8483B1AAAB}.Debug|Any CPU.ActiveCfg = Debug|Any CPU
		{1B84E878-63B7-4B4E-8F11-BF8483B1AAAB}.Debug|Any CPU.Build.0 = Debug|Any CPU
		{1B84E878-63B7-4B4E-8F11-BF8483B1AAAB}.Release|Any CPU.ActiveCfg = Release|Any CPU
		{1B84E878-63B7-4B4E-8F11-BF8483B1AAAB}.Release|Any CPU.Build.0 = Release|Any CPU
		{A83E21B1-A229-448C-9827-F8B42CFF232E}.Debug|Any CPU.ActiveCfg = Debug|Any CPU
		{A83E21B1-A229-448C-9827-F8B42CFF232E}.Debug|Any CPU.Build.0 = Debug|Any CPU
		{A83E21B1-A229-448C-9827-F8B42CFF232E}.Release|Any CPU.ActiveCfg = Release|Any CPU
		{A83E21B1-A229-448C-9827-F8B42CFF232E}.Release|Any CPU.Build.0 = Release|Any CPU
	EndGlobalSection
	GlobalSection(SolutionProperties) = preSolution
		HideSolutionNode = FALSE
	EndGlobalSection
	GlobalSection(ExtensibilityGlobals) = postSolution
		SolutionGuid = {D9ACF488-3733-4EFD-A837-29C095D46186}
	EndGlobalSection
EndGlobal
